
Microsoft Visual Studio Solution File, Format Version 12.00
# Visual Studio 15
VisualStudioVersion = 15.0.28307.329
MinimumVisualStudioVersion = 10.0.40219.1
Project("{FAE04EC0-301F-11D3-BF4B-00C04F79EFBC}") = "FeedbackMessages", "FeedbackMessages\FeedbackMessages.csproj", "{0D84F8DE-3ACF-40F2-AD6F-B56EC636B5AF}"
EndProject
Project("{FAE04EC0-301F-11D3-BF4B-00C04F79EFBC}") = "FeedbackMessages.Mvc", "FeedbackMessages.Mvc\FeedbackMessages.Mvc.csproj", "{55351A64-B92C-4480-AEFA-65A9A4F115AD}"
EndProject
Global
	GlobalSection(SolutionConfigurationPlatforms) = preSolution
		Debug|Any CPU = Debug|Any CPU
		Release|Any CPU = Release|Any CPU
	EndGlobalSection
	GlobalSection(ProjectConfigurationPlatforms) = postSolution
		{0D84F8DE-3ACF-40F2-AD6F-B56EC636B5AF}.Debug|Any CPU.ActiveCfg = Debug|Any CPU
		{0D84F8DE-3ACF-40F2-AD6F-B56EC636B5AF}.Debug|Any CPU.Build.0 = Debug|Any CPU
		{0D84F8DE-3ACF-40F2-AD6F-B56EC636B5AF}.Release|Any CPU.ActiveCfg = Release|Any CPU
		{0D84F8DE-3ACF-40F2-AD6F-B56EC636B5AF}.Release|Any CPU.Build.0 = Release|Any CPU
		{55351A64-B92C-4480-AEFA-65A9A4F115AD}.Debug|Any CPU.ActiveCfg = Debug|Any CPU
		{55351A64-B92C-4480-AEFA-65A9A4F115AD}.Debug|Any CPU.Build.0 = Debug|Any CPU
		{55351A64-B92C-4480-AEFA-65A9A4F115AD}.Release|Any CPU.ActiveCfg = Release|Any CPU
		{55351A64-B92C-4480-AEFA-65A9A4F115AD}.Release|Any CPU.Build.0 = Release|Any CPU
	EndGlobalSection
	GlobalSection(SolutionProperties) = preSolution
		HideSolutionNode = FALSE
	EndGlobalSection
	GlobalSection(ExtensibilityGlobals) = postSolution
		SolutionGuid = {3C0A1762-BBC0-4A8C-BE2A-A25C4345E5C4}
	EndGlobalSection
EndGlobal
