
Microsoft Visual Studio Solution File, Format Version 12.00
# Visual Studio Version 16
VisualStudioVersion = 16.0.30002.166
MinimumVisualStudioVersion = 10.0.40219.1
Project("{FAE04EC0-301F-11D3-BF4B-00C04F79EFBC}") = "FeedbackMessages", "FeedbackMessages\FeedbackMessages.csproj", "{0D84F8DE-3ACF-40F2-AD6F-B56EC636B5AF}"
EndProject
Project("{FAE04EC0-301F-11D3-BF4B-00C04F79EFBC}") = "FeedbackMessages.Mvc", "FeedbackMessages.Mvc\FeedbackMessages.Mvc.csproj", "{55351A64-B92C-4480-AEFA-65A9A4F115AD}"
EndProject
Project("{2150E333-8FDC-42A3-9474-1A3956D46DE8}") = "Examples", "Examples", "{68AAC9F3-D806-4BB6-AF6E-79F85AB065D4}"
EndProject
Project("{2150E333-8FDC-42A3-9474-1A3956D46DE8}") = "Tests", "Tests", "{36767EF6-8F8B-47EC-A4A5-E2FF3376FE16}"
EndProject
Project("{9A19103F-16F7-4668-BE54-9A1E7A4F7556}") = "FeedbackMessages.Abstractions", "FeedbackMessages.Abstractions\FeedbackMessages.Abstractions.csproj", "{11695FDC-30CB-4A39-A9D5-A5523F819B3C}"
EndProject
Project("{9A19103F-16F7-4668-BE54-9A1E7A4F7556}") = "FeedbackMessages.Example.AspNetCore.Mvc", "Examples\FeedbackMessages.Example.AspNetCore.Mvc\FeedbackMessages.Example.AspNetCore.Mvc.csproj", "{0FFE7E17-F5C6-4F0B-AA31-22134943351C}"
EndProject
Project("{9A19103F-16F7-4668-BE54-9A1E7A4F7556}") = "FeedbackMessages.Example.AspNetCore.RazorPages", "Examples\FeedbackMessages.Example.AspNetCore.RazorPages\FeedbackMessages.Example.AspNetCore.RazorPages.csproj", "{B3F5701B-0F0B-4198-A7E9-119C082F8D65}"
EndProject
Project("{FAE04EC0-301F-11D3-BF4B-00C04F79EFBC}") = "FeedbackMessages.Example.Mvc", "Examples\FeedbackMessages.Example.Mvc\FeedbackMessages.Example.Mvc.csproj", "{350A55A3-EFA4-4EE7-B2E1-60C3B41D39FF}"
EndProject
Project("{FAE04EC0-301F-11D3-BF4B-00C04F79EFBC}") = "FeedbackMessages.Example.WebForms", "Examples\FeedbackMessages.Example.WebForms\FeedbackMessages.Example.WebForms.csproj", "{91CB7F9A-CAD6-4573-B3DD-672728865B97}"
EndProject
Project("{FAE04EC0-301F-11D3-BF4B-00C04F79EFBC}") = "FeedbackMessages.Test", "Tests\FeedbackMessages.Test\FeedbackMessages.Test.csproj", "{B236C815-EB6E-44C2-B354-018B80E2B0B7}"
EndProject
Project("{9A19103F-16F7-4668-BE54-9A1E7A4F7556}") = "FeedbackMessages.AspNetCore", "FeedbackMessages.AspNetCore\FeedbackMessages.AspNetCore.csproj", "{C37D5B90-2C20-455E-AF26-BD6640AF46DC}"
EndProject
Project("{9A19103F-16F7-4668-BE54-9A1E7A4F7556}") = "FeedbackMessages.AspNetCore.Mvc", "FeedbackMessages.AspNetCore.Mvc\FeedbackMessages.AspNetCore.Mvc.csproj", "{671CCAB4-5228-406D-B217-B60673CB23A5}"
EndProject
Project("{9A19103F-16F7-4668-BE54-9A1E7A4F7556}") = "FeedbackMessages.AspNetCore.Test", "Tests\FeedbackMessages.AspNetCore.Test\FeedbackMessages.AspNetCore.Test.csproj", "{D2279153-0FEB-4854-81FE-146E7FE7D900}"
EndProject
Project("{FAE04EC0-301F-11D3-BF4B-00C04F79EFBC}") = "FeedbackMessages.Example.ServerSideBlazor", "Examples\FeedbackMessages.Example.ServerSideBlazor\FeedbackMessages.Example.ServerSideBlazor.csproj", "{A8723A71-B45D-4325-A1DD-8B0D4274D898}"
EndProject
Project("{FAE04EC0-301F-11D3-BF4B-00C04F79EFBC}") = "FeedbackMessages.AspNetCore.Blazor", "FeedbackMessages.AspNetCore.Blazor\FeedbackMessages.AspNetCore.Blazor.csproj", "{3CE373F1-FF6A-4535-8760-C9B1163FD593}"
EndProject
Project("{FAE04EC0-301F-11D3-BF4B-00C04F79EFBC}") = "FeedbackMessages.AspNetCore3.Test", "Tests\FeedbackMessages.AspNetCore3.Test\FeedbackMessages.AspNetCore3.Test.csproj", "{F70C237A-0570-4B90-95A0-525DF59DAEED}"
EndProject
Global
	GlobalSection(SolutionConfigurationPlatforms) = preSolution
		Debug|Any CPU = Debug|Any CPU
		Release|Any CPU = Release|Any CPU
	EndGlobalSection
	GlobalSection(ProjectConfigurationPlatforms) = postSolution
		{0D84F8DE-3ACF-40F2-AD6F-B56EC636B5AF}.Debug|Any CPU.ActiveCfg = Debug|Any CPU
		{0D84F8DE-3ACF-40F2-AD6F-B56EC636B5AF}.Debug|Any CPU.Build.0 = Debug|Any CPU
		{0D84F8DE-3ACF-40F2-AD6F-B56EC636B5AF}.Release|Any CPU.ActiveCfg = Release|Any CPU
		{0D84F8DE-3ACF-40F2-AD6F-B56EC636B5AF}.Release|Any CPU.Build.0 = Release|Any CPU
		{55351A64-B92C-4480-AEFA-65A9A4F115AD}.Debug|Any CPU.ActiveCfg = Debug|Any CPU
		{55351A64-B92C-4480-AEFA-65A9A4F115AD}.Debug|Any CPU.Build.0 = Debug|Any CPU
		{55351A64-B92C-4480-AEFA-65A9A4F115AD}.Release|Any CPU.ActiveCfg = Release|Any CPU
		{55351A64-B92C-4480-AEFA-65A9A4F115AD}.Release|Any CPU.Build.0 = Release|Any CPU
		{11695FDC-30CB-4A39-A9D5-A5523F819B3C}.Debug|Any CPU.ActiveCfg = Debug|Any CPU
		{11695FDC-30CB-4A39-A9D5-A5523F819B3C}.Debug|Any CPU.Build.0 = Debug|Any CPU
		{11695FDC-30CB-4A39-A9D5-A5523F819B3C}.Release|Any CPU.ActiveCfg = Release|Any CPU
		{11695FDC-30CB-4A39-A9D5-A5523F819B3C}.Release|Any CPU.Build.0 = Release|Any CPU
		{0FFE7E17-F5C6-4F0B-AA31-22134943351C}.Debug|Any CPU.ActiveCfg = Debug|Any CPU
		{0FFE7E17-F5C6-4F0B-AA31-22134943351C}.Debug|Any CPU.Build.0 = Debug|Any CPU
		{0FFE7E17-F5C6-4F0B-AA31-22134943351C}.Release|Any CPU.ActiveCfg = Release|Any CPU
		{0FFE7E17-F5C6-4F0B-AA31-22134943351C}.Release|Any CPU.Build.0 = Release|Any CPU
		{B3F5701B-0F0B-4198-A7E9-119C082F8D65}.Debug|Any CPU.ActiveCfg = Debug|Any CPU
		{B3F5701B-0F0B-4198-A7E9-119C082F8D65}.Debug|Any CPU.Build.0 = Debug|Any CPU
		{B3F5701B-0F0B-4198-A7E9-119C082F8D65}.Release|Any CPU.ActiveCfg = Release|Any CPU
		{B3F5701B-0F0B-4198-A7E9-119C082F8D65}.Release|Any CPU.Build.0 = Release|Any CPU
		{350A55A3-EFA4-4EE7-B2E1-60C3B41D39FF}.Debug|Any CPU.ActiveCfg = Debug|Any CPU
		{350A55A3-EFA4-4EE7-B2E1-60C3B41D39FF}.Debug|Any CPU.Build.0 = Debug|Any CPU
		{350A55A3-EFA4-4EE7-B2E1-60C3B41D39FF}.Release|Any CPU.ActiveCfg = Release|Any CPU
		{350A55A3-EFA4-4EE7-B2E1-60C3B41D39FF}.Release|Any CPU.Build.0 = Release|Any CPU
		{91CB7F9A-CAD6-4573-B3DD-672728865B97}.Debug|Any CPU.ActiveCfg = Debug|Any CPU
		{91CB7F9A-CAD6-4573-B3DD-672728865B97}.Debug|Any CPU.Build.0 = Debug|Any CPU
		{91CB7F9A-CAD6-4573-B3DD-672728865B97}.Release|Any CPU.ActiveCfg = Release|Any CPU
		{91CB7F9A-CAD6-4573-B3DD-672728865B97}.Release|Any CPU.Build.0 = Release|Any CPU
		{B236C815-EB6E-44C2-B354-018B80E2B0B7}.Debug|Any CPU.ActiveCfg = Debug|Any CPU
		{B236C815-EB6E-44C2-B354-018B80E2B0B7}.Debug|Any CPU.Build.0 = Debug|Any CPU
		{B236C815-EB6E-44C2-B354-018B80E2B0B7}.Release|Any CPU.ActiveCfg = Release|Any CPU
		{B236C815-EB6E-44C2-B354-018B80E2B0B7}.Release|Any CPU.Build.0 = Release|Any CPU
		{C37D5B90-2C20-455E-AF26-BD6640AF46DC}.Debug|Any CPU.ActiveCfg = Debug|Any CPU
		{C37D5B90-2C20-455E-AF26-BD6640AF46DC}.Debug|Any CPU.Build.0 = Debug|Any CPU
		{C37D5B90-2C20-455E-AF26-BD6640AF46DC}.Release|Any CPU.ActiveCfg = Release|Any CPU
		{C37D5B90-2C20-455E-AF26-BD6640AF46DC}.Release|Any CPU.Build.0 = Release|Any CPU
		{671CCAB4-5228-406D-B217-B60673CB23A5}.Debug|Any CPU.ActiveCfg = Debug|Any CPU
		{671CCAB4-5228-406D-B217-B60673CB23A5}.Debug|Any CPU.Build.0 = Debug|Any CPU
		{671CCAB4-5228-406D-B217-B60673CB23A5}.Release|Any CPU.ActiveCfg = Release|Any CPU
		{671CCAB4-5228-406D-B217-B60673CB23A5}.Release|Any CPU.Build.0 = Release|Any CPU
		{D2279153-0FEB-4854-81FE-146E7FE7D900}.Debug|Any CPU.ActiveCfg = Debug|Any CPU
		{D2279153-0FEB-4854-81FE-146E7FE7D900}.Debug|Any CPU.Build.0 = Debug|Any CPU
		{D2279153-0FEB-4854-81FE-146E7FE7D900}.Release|Any CPU.ActiveCfg = Release|Any CPU
		{D2279153-0FEB-4854-81FE-146E7FE7D900}.Release|Any CPU.Build.0 = Release|Any CPU
		{A8723A71-B45D-4325-A1DD-8B0D4274D898}.Debug|Any CPU.ActiveCfg = Debug|Any CPU
		{A8723A71-B45D-4325-A1DD-8B0D4274D898}.Debug|Any CPU.Build.0 = Debug|Any CPU
		{A8723A71-B45D-4325-A1DD-8B0D4274D898}.Release|Any CPU.ActiveCfg = Release|Any CPU
		{A8723A71-B45D-4325-A1DD-8B0D4274D898}.Release|Any CPU.Build.0 = Release|Any CPU
		{3CE373F1-FF6A-4535-8760-C9B1163FD593}.Debug|Any CPU.ActiveCfg = Debug|Any CPU
		{3CE373F1-FF6A-4535-8760-C9B1163FD593}.Debug|Any CPU.Build.0 = Debug|Any CPU
		{3CE373F1-FF6A-4535-8760-C9B1163FD593}.Release|Any CPU.ActiveCfg = Release|Any CPU
		{3CE373F1-FF6A-4535-8760-C9B1163FD593}.Release|Any CPU.Build.0 = Release|Any CPU
		{F70C237A-0570-4B90-95A0-525DF59DAEED}.Debug|Any CPU.ActiveCfg = Debug|Any CPU
		{F70C237A-0570-4B90-95A0-525DF59DAEED}.Debug|Any CPU.Build.0 = Debug|Any CPU
		{F70C237A-0570-4B90-95A0-525DF59DAEED}.Release|Any CPU.ActiveCfg = Release|Any CPU
		{F70C237A-0570-4B90-95A0-525DF59DAEED}.Release|Any CPU.Build.0 = Release|Any CPU
	EndGlobalSection
	GlobalSection(SolutionProperties) = preSolution
		HideSolutionNode = FALSE
	EndGlobalSection
	GlobalSection(NestedProjects) = preSolution
		{0FFE7E17-F5C6-4F0B-AA31-22134943351C} = {68AAC9F3-D806-4BB6-AF6E-79F85AB065D4}
		{B3F5701B-0F0B-4198-A7E9-119C082F8D65} = {68AAC9F3-D806-4BB6-AF6E-79F85AB065D4}
		{350A55A3-EFA4-4EE7-B2E1-60C3B41D39FF} = {68AAC9F3-D806-4BB6-AF6E-79F85AB065D4}
		{91CB7F9A-CAD6-4573-B3DD-672728865B97} = {68AAC9F3-D806-4BB6-AF6E-79F85AB065D4}
		{B236C815-EB6E-44C2-B354-018B80E2B0B7} = {36767EF6-8F8B-47EC-A4A5-E2FF3376FE16}
		{D2279153-0FEB-4854-81FE-146E7FE7D900} = {36767EF6-8F8B-47EC-A4A5-E2FF3376FE16}
		{A8723A71-B45D-4325-A1DD-8B0D4274D898} = {68AAC9F3-D806-4BB6-AF6E-79F85AB065D4}
		{F70C237A-0570-4B90-95A0-525DF59DAEED} = {36767EF6-8F8B-47EC-A4A5-E2FF3376FE16}
	EndGlobalSection
	GlobalSection(ExtensibilityGlobals) = postSolution
		SolutionGuid = {3C0A1762-BBC0-4A8C-BE2A-A25C4345E5C4}
	EndGlobalSection
EndGlobal
